
Microsoft Visual Studio Solution File, Format Version 12.00
# Visual Studio 14
VisualStudioVersion = 14.0.23107.0
MinimumVisualStudioVersion = 10.0.40219.1
Project("{FAE04EC0-301F-11D3-BF4B-00C04F79EFBC}") = "Dme.Core", "Dme.Core\Dme.Core.csproj", "{85DE3637-9508-4D80-B21B-986103EB7514}"
EndProject
Project("{FAE04EC0-301F-11D3-BF4B-00C04F79EFBC}") = "Dme.Tests", "Dme.Tests\Dme.Tests.csproj", "{8F1DE806-9C76-41FE-A00D-687D94A50D69}"
	ProjectSection(ProjectDependencies) = postProject
		{85DE3637-9508-4D80-B21B-986103EB7514} = {85DE3637-9508-4D80-B21B-986103EB7514}
	EndProjectSection
EndProject
Project("{FAE04EC0-301F-11D3-BF4B-00C04F79EFBC}") = "Dme.Svc.In", "Dme.Svc.In\Dme.Svc.In.csproj", "{0B7152B0-4DB4-4A28-B74A-6769B31270DA}"
EndProject
Project("{FAE04EC0-301F-11D3-BF4B-00C04F79EFBC}") = "Dme.Svc.Out", "Dme.Svc.Out\Dme.Svc.Out.csproj", "{12158A2E-4206-4406-87E1-BC74EE803785}"
EndProject
Project("{FAE04EC0-301F-11D3-BF4B-00C04F79EFBC}") = "Dme.Svc", "Dme.Svc\Dme.Svc.csproj", "{7811BF07-9945-434D-8223-6E0E05707DFF}"
EndProject
Project("{FAE04EC0-301F-11D3-BF4B-00C04F79EFBC}") = "Dme.Sbis", "Dme.Sbis\Dme.Sbis.csproj", "{DF059137-C2FA-4D36-96B8-ED59A04590D5}"
EndProject
Project("{FAE04EC0-301F-11D3-BF4B-00C04F79EFBC}") = "Dme.B2B", "Dme.B2B\Dme.B2B.csproj", "{D9C5E0DB-4FDB-42E0-8F21-400CF1B836B0}"
EndProject
Project("{2150E333-8FDC-42A3-9474-1A3956D46DE8}") = "Материалы", "Материалы", "{EE0B8C9F-DDFB-49AB-B8CB-8FA68936BF3B}"
EndProject
Project("{2150E333-8FDC-42A3-9474-1A3956D46DE8}") = "Сбис", "Сбис", "{12EE660B-A177-4C5D-BC9E-19AAB52077BB}"
EndProject
Project("{2150E333-8FDC-42A3-9474-1A3956D46DE8}") = "Акт Расхождений", "Акт Расхождений", "{FB648744-1F30-4962-819E-5D01E5753F46}"
	ProjectSection(SolutionItems) = preProject
		Материалы\Сбис\Акт Расхождений\Акт о приемке товаров (3.03 ).xsd = Материалы\Сбис\Акт Расхождений\Акт о приемке товаров (3.03 ).xsd
		Материалы\Сбис\Акт Расхождений\Акт о приемке товаров .pdf = Материалы\Сбис\Акт Расхождений\Акт о приемке товаров .pdf
		Материалы\Сбис\Акт Расхождений\АктРасхождение_АктРасхождение_3.03.html = Материалы\Сбис\Акт Расхождений\АктРасхождение_АктРасхождение_3.03.html
		Материалы\Сбис\Акт Расхождений\Печать,Просмотр.xml = Материалы\Сбис\Акт Расхождений\Печать,Просмотр.xml
	EndProjectSection
EndProject
Project("{2150E333-8FDC-42A3-9474-1A3956D46DE8}") = "МХ-1", "МХ-1", "{C8ACD17C-47C8-43D0-ABEF-3D1BDED8B60E}"
	ProjectSection(SolutionItems) = preProject
		Материалы\Сбис\МХ-1\МХ-1 (3.01 ).xsd = Материалы\Сбис\МХ-1\МХ-1 (3.01 ).xsd
		Материалы\Сбис\МХ-1\МХ-1 .pdf = Материалы\Сбис\МХ-1\МХ-1 .pdf
		Материалы\Сбис\МХ-1\МХ-1 Печать,Просмотр.xml = Материалы\Сбис\МХ-1\МХ-1 Печать,Просмотр.xml
		Материалы\Сбис\МХ-1\ЭДОМХ1_3.01.html = Материалы\Сбис\МХ-1\ЭДОМХ1_3.01.html
	EndProjectSection
EndProject
Project("{2150E333-8FDC-42A3-9474-1A3956D46DE8}") = "МХ-3", "МХ-3", "{34506BB7-24AB-439B-AD82-341F1BB4CDF2}"
	ProjectSection(SolutionItems) = preProject
		Материалы\Сбис\МХ-3\МХ-3 (1.00 ).xsd = Материалы\Сбис\МХ-3\МХ-3 (1.00 ).xsd
		Материалы\Сбис\МХ-3\МХ-3 .pdf = Материалы\Сбис\МХ-3\МХ-3 .pdf
		Материалы\Сбис\МХ-3\МХ-3 Печать,Просмотр.xml = Материалы\Сбис\МХ-3\МХ-3 Печать,Просмотр.xml
		Материалы\Сбис\МХ-3\ЭДОМХ3_1.00.html = Материалы\Сбис\МХ-3\ЭДОМХ3_1.00.html
	EndProjectSection
EndProject
Project("{2150E333-8FDC-42A3-9474-1A3956D46DE8}") = "Печати", "Печати", "{D8CE67F9-6A39-46EE-AAF8-761CA730B2C5}"
	ProjectSection(SolutionItems) = preProject
		Материалы\Печати\Signature.png = Материалы\Печати\Signature.png
		Материалы\Печати\Stamp.png = Материалы\Печати\Stamp.png
	EndProjectSection
EndProject
Project("{FAE04EC0-301F-11D3-BF4B-00C04F79EFBC}") = "Dme.ApiDoc", "Dme.ApiDoc\Dme.ApiDoc.csproj", "{CEBE9092-AEEA-4F7F-A7CA-03A8BA405970}"
EndProject
Project("{FAE04EC0-301F-11D3-BF4B-00C04F79EFBC}") = "Dme.Web", "Dme.Web\Dme.Web.csproj", "{E5349754-37FB-4A1C-81DC-E5A24CD65EA4}"
EndProject
Global
	GlobalSection(SolutionConfigurationPlatforms) = preSolution
		Debug|Any CPU = Debug|Any CPU
		Release|Any CPU = Release|Any CPU
	EndGlobalSection
	GlobalSection(ProjectConfigurationPlatforms) = postSolution
		{85DE3637-9508-4D80-B21B-986103EB7514}.Debug|Any CPU.ActiveCfg = Debug|Any CPU
		{85DE3637-9508-4D80-B21B-986103EB7514}.Debug|Any CPU.Build.0 = Debug|Any CPU
		{85DE3637-9508-4D80-B21B-986103EB7514}.Release|Any CPU.ActiveCfg = Release|Any CPU
		{85DE3637-9508-4D80-B21B-986103EB7514}.Release|Any CPU.Build.0 = Release|Any CPU
		{8F1DE806-9C76-41FE-A00D-687D94A50D69}.Debug|Any CPU.ActiveCfg = Debug|Any CPU
		{8F1DE806-9C76-41FE-A00D-687D94A50D69}.Debug|Any CPU.Build.0 = Debug|Any CPU
		{8F1DE806-9C76-41FE-A00D-687D94A50D69}.Release|Any CPU.ActiveCfg = Release|Any CPU
		{8F1DE806-9C76-41FE-A00D-687D94A50D69}.Release|Any CPU.Build.0 = Release|Any CPU
		{0B7152B0-4DB4-4A28-B74A-6769B31270DA}.Debug|Any CPU.ActiveCfg = Debug|Any CPU
		{0B7152B0-4DB4-4A28-B74A-6769B31270DA}.Debug|Any CPU.Build.0 = Debug|Any CPU
		{0B7152B0-4DB4-4A28-B74A-6769B31270DA}.Release|Any CPU.ActiveCfg = Release|Any CPU
		{0B7152B0-4DB4-4A28-B74A-6769B31270DA}.Release|Any CPU.Build.0 = Release|Any CPU
		{12158A2E-4206-4406-87E1-BC74EE803785}.Debug|Any CPU.ActiveCfg = Debug|Any CPU
		{12158A2E-4206-4406-87E1-BC74EE803785}.Debug|Any CPU.Build.0 = Debug|Any CPU
		{12158A2E-4206-4406-87E1-BC74EE803785}.Release|Any CPU.ActiveCfg = Release|Any CPU
		{12158A2E-4206-4406-87E1-BC74EE803785}.Release|Any CPU.Build.0 = Release|Any CPU
		{7811BF07-9945-434D-8223-6E0E05707DFF}.Debug|Any CPU.ActiveCfg = Debug|Any CPU
		{7811BF07-9945-434D-8223-6E0E05707DFF}.Debug|Any CPU.Build.0 = Debug|Any CPU
		{7811BF07-9945-434D-8223-6E0E05707DFF}.Release|Any CPU.ActiveCfg = Release|Any CPU
		{7811BF07-9945-434D-8223-6E0E05707DFF}.Release|Any CPU.Build.0 = Release|Any CPU
		{DF059137-C2FA-4D36-96B8-ED59A04590D5}.Debug|Any CPU.ActiveCfg = Debug|Any CPU
		{DF059137-C2FA-4D36-96B8-ED59A04590D5}.Debug|Any CPU.Build.0 = Debug|Any CPU
		{DF059137-C2FA-4D36-96B8-ED59A04590D5}.Release|Any CPU.ActiveCfg = Release|Any CPU
		{DF059137-C2FA-4D36-96B8-ED59A04590D5}.Release|Any CPU.Build.0 = Release|Any CPU
		{D9C5E0DB-4FDB-42E0-8F21-400CF1B836B0}.Debug|Any CPU.ActiveCfg = Debug|Any CPU
		{D9C5E0DB-4FDB-42E0-8F21-400CF1B836B0}.Debug|Any CPU.Build.0 = Debug|Any CPU
		{D9C5E0DB-4FDB-42E0-8F21-400CF1B836B0}.Release|Any CPU.ActiveCfg = Release|Any CPU
		{D9C5E0DB-4FDB-42E0-8F21-400CF1B836B0}.Release|Any CPU.Build.0 = Release|Any CPU
		{CEBE9092-AEEA-4F7F-A7CA-03A8BA405970}.Debug|Any CPU.ActiveCfg = Release|Any CPU
		{CEBE9092-AEEA-4F7F-A7CA-03A8BA405970}.Debug|Any CPU.Build.0 = Release|Any CPU
		{CEBE9092-AEEA-4F7F-A7CA-03A8BA405970}.Release|Any CPU.ActiveCfg = Release|Any CPU
		{CEBE9092-AEEA-4F7F-A7CA-03A8BA405970}.Release|Any CPU.Build.0 = Release|Any CPU
		{E5349754-37FB-4A1C-81DC-E5A24CD65EA4}.Debug|Any CPU.ActiveCfg = Debug|Any CPU
		{E5349754-37FB-4A1C-81DC-E5A24CD65EA4}.Debug|Any CPU.Build.0 = Debug|Any CPU
		{E5349754-37FB-4A1C-81DC-E5A24CD65EA4}.Release|Any CPU.ActiveCfg = Release|Any CPU
		{E5349754-37FB-4A1C-81DC-E5A24CD65EA4}.Release|Any CPU.Build.0 = Release|Any CPU
	EndGlobalSection
	GlobalSection(SolutionProperties) = preSolution
		HideSolutionNode = FALSE
	EndGlobalSection
	GlobalSection(NestedProjects) = preSolution
		{12EE660B-A177-4C5D-BC9E-19AAB52077BB} = {EE0B8C9F-DDFB-49AB-B8CB-8FA68936BF3B}
		{FB648744-1F30-4962-819E-5D01E5753F46} = {12EE660B-A177-4C5D-BC9E-19AAB52077BB}
		{C8ACD17C-47C8-43D0-ABEF-3D1BDED8B60E} = {12EE660B-A177-4C5D-BC9E-19AAB52077BB}
		{34506BB7-24AB-439B-AD82-341F1BB4CDF2} = {12EE660B-A177-4C5D-BC9E-19AAB52077BB}
		{D8CE67F9-6A39-46EE-AAF8-761CA730B2C5} = {EE0B8C9F-DDFB-49AB-B8CB-8FA68936BF3B}
	EndGlobalSection
EndGlobal
